
Microsoft Visual Studio Solution File, Format Version 12.00
# Visual Studio Version 17
VisualStudioVersion = 17.7.34024.191
MinimumVisualStudioVersion = 10.0.40219.1
Project("{FAE04EC0-301F-11D3-BF4B-00C04F79EFBC}") = "InputSearch", "InputSearch\InputSearch.csproj", "{3AE071F6-97ED-4C64-BB70-C7B7539A1979}"
EndProject
Project("{FAE04EC0-301F-11D3-BF4B-00C04F79EFBC}") = "DatabaseLayer", "DatabaseLayer\DatabaseLayer.csproj", "{B6B7796B-8456-47D9-B606-02A5AE26BA8A}"
EndProject
Global
	GlobalSection(SolutionConfigurationPlatforms) = preSolution
		Debug|Any CPU = Debug|Any CPU
		Release|Any CPU = Release|Any CPU
	EndGlobalSection
	GlobalSection(ProjectConfigurationPlatforms) = postSolution
		{3AE071F6-97ED-4C64-BB70-C7B7539A1979}.Debug|Any CPU.ActiveCfg = Debug|Any CPU
		{3AE071F6-97ED-4C64-BB70-C7B7539A1979}.Debug|Any CPU.Build.0 = Debug|Any CPU
		{3AE071F6-97ED-4C64-BB70-C7B7539A1979}.Release|Any CPU.ActiveCfg = Release|Any CPU
		{3AE071F6-97ED-4C64-BB70-C7B7539A1979}.Release|Any CPU.Build.0 = Release|Any CPU
		{B6B7796B-8456-47D9-B606-02A5AE26BA8A}.Debug|Any CPU.ActiveCfg = Debug|Any CPU
		{B6B7796B-8456-47D9-B606-02A5AE26BA8A}.Debug|Any CPU.Build.0 = Debug|Any CPU
		{B6B7796B-8456-47D9-B606-02A5AE26BA8A}.Release|Any CPU.ActiveCfg = Release|Any CPU
		{B6B7796B-8456-47D9-B606-02A5AE26BA8A}.Release|Any CPU.Build.0 = Release|Any CPU
	EndGlobalSection
	GlobalSection(SolutionProperties) = preSolution
		HideSolutionNode = FALSE
	EndGlobalSection
	GlobalSection(ExtensibilityGlobals) = postSolution
		SolutionGuid = {B97A6153-0D89-432F-B964-DB473DEA1335}
	EndGlobalSection
EndGlobal
